
Microsoft Visual Studio Solution File, Format Version 12.00
# Visual Studio Version 16
VisualStudioVersion = 16.0.30309.148
MinimumVisualStudioVersion = 10.0.40219.1
Project("{9A19103F-16F7-4668-BE54-9A1E7A4F7556}") = "VantagepointAPI_BlazorWebApp", "VantagepointAPI_BlazorWebApp\VantagepointAPI_BlazorWebApp.csproj", "{BE8BD5F7-CD1D-4769-A28D-95B348CDE4E2}"
EndProject
Global
	GlobalSection(SolutionConfigurationPlatforms) = preSolution
		Debug|Any CPU = Debug|Any CPU
		Release|Any CPU = Release|Any CPU
	EndGlobalSection
	GlobalSection(ProjectConfigurationPlatforms) = postSolution
		{BE8BD5F7-CD1D-4769-A28D-95B348CDE4E2}.Debug|Any CPU.ActiveCfg = Debug|Any CPU
		{BE8BD5F7-CD1D-4769-A28D-95B348CDE4E2}.Debug|Any CPU.Build.0 = Debug|Any CPU
		{BE8BD5F7-CD1D-4769-A28D-95B348CDE4E2}.Release|Any CPU.ActiveCfg = Release|Any CPU
		{BE8BD5F7-CD1D-4769-A28D-95B348CDE4E2}.Release|Any CPU.Build.0 = Release|Any CPU
	EndGlobalSection
	GlobalSection(SolutionProperties) = preSolution
		HideSolutionNode = FALSE
	EndGlobalSection
	GlobalSection(ExtensibilityGlobals) = postSolution
		SolutionGuid = {B33CB1E0-688A-441C-8E0B-649933EFE620}
	EndGlobalSection
EndGlobal
